
Microsoft Visual Studio Solution File, Format Version 12.00
# Visual Studio Version 16
VisualStudioVersion = 16.0.30804.86
MinimumVisualStudioVersion = 10.0.40219.1
Project("{FAE04EC0-301F-11D3-BF4B-00C04F79EFBC}") = "Tbanque", "Tbanque\Tbanque.csproj", "{E3F12C9E-5887-4F36-86B8-FC8762EFCACD}"
EndProject
Global
	GlobalSection(SolutionConfigurationPlatforms) = preSolution
		Debug|Any CPU = Debug|Any CPU
		Release|Any CPU = Release|Any CPU
	EndGlobalSection
	GlobalSection(ProjectConfigurationPlatforms) = postSolution
		{E3F12C9E-5887-4F36-86B8-FC8762EFCACD}.Debug|Any CPU.ActiveCfg = Debug|Any CPU
		{E3F12C9E-5887-4F36-86B8-FC8762EFCACD}.Debug|Any CPU.Build.0 = Debug|Any CPU
		{E3F12C9E-5887-4F36-86B8-FC8762EFCACD}.Release|Any CPU.ActiveCfg = Release|Any CPU
		{E3F12C9E-5887-4F36-86B8-FC8762EFCACD}.Release|Any CPU.Build.0 = Release|Any CPU
	EndGlobalSection
	GlobalSection(SolutionProperties) = preSolution
		HideSolutionNode = FALSE
	EndGlobalSection
	GlobalSection(ExtensibilityGlobals) = postSolution
		SolutionGuid = {9FD04E46-57F5-4E90-A8F7-443CCAB31287}
	EndGlobalSection
EndGlobal
